Microsoft Visual Studio Solution File, Format Version 12.00
# Visual Studio 2012
Project("{FAE04EC0-301F-11D3-BF4B-00C04F79EFBC}") = "HtmlParserCSharp", "HtmlParserCSharp.csproj", "{C1046EBC-7CAE-457E-A677-421CD1E2A289}"
EndProject
Global
  GlobalSection(SolutionConfigurationPlatforms) = preSolution
    Debug|Any CPU = Debug|Any CPU
    Release|Any CPU = Release|Any CPU
  EndGlobalSection
  GlobalSection(ProjectConfigurationPlatforms) = postSolution
    {C1046EBC-7CAE-457E-A677-421CD1E2A289}.Debug|Any CPU.ActiveCfg = Debug|Any CPU
    {C1046EBC-7CAE-457E-A677-421CD1E2A289}.Debug|Any CPU.Build.0 = Debug|Any CPU
    {C1046EBC-7CAE-457E-A677-421CD1E2A289}.Release|Any CPU.ActiveCfg = Release|Any CPU
    {C1046EBC-7CAE-457E-A677-421CD1E2A289}.Release|Any CPU.Build.0 = Release|Any CPU
  EndGlobalSection
EndGlobal
